// !$*UTF8*$!
{
	archiveVersion = 1;
	classes = {
	};
	objectVersion = 50;
	objects = {

/* Begin PBXBuildFile section */
		F9C7CE76249A2C3C005A0E64 /* AppDelegate.swift in Sources */ = {isa = PBXBuildFile; fileRef = F9C7CE75249A2C3C005A0E64 /* AppDelegate.swift */; };
		F9C7CE78249A2C3C005A0E64 /* SceneDelegate.swift in Sources */ = {isa = PBXBuildFile; fileRef = F9C7CE77249A2C3C005A0E64 /* SceneDelegate.swift */; };
		F9C7CE7A249A2C3C005A0E64 /* Screen1.swift in Sources */ = {isa = PBXBuildFile; fileRef = F9C7CE79249A2C3C005A0E64 /* Screen1.swift */; };
		F9C7CE7D249A2C3C005A0E64 /* Main.storyboard in Resources */ = {isa = PBXBuildFile; fileRef = F9C7CE7B249A2C3C005A0E64 /* Main.storyboard */; };
		F9C7CE7F249A2C3D005A0E64 /* Assets.xcassets in Resources */ = {isa = PBXBuildFile; fileRef = F9C7CE7E249A2C3D005A0E64 /* Assets.xcassets */; };
		F9C7CE82249A2C3D005A0E64 /* LaunchScreen.storyboard in Resources */ = {isa = PBXBuildFile; fileRef = F9C7CE80249A2C3D005A0E64 /* LaunchScreen.storyboard */; };
		F9C7CE8A249A2CFC005A0E64 /* TableViewCell.swift in Sources */ = {isa = PBXBuildFile; fileRef = F9C7CE89249A2CFC005A0E64 /* TableViewCell.swift */; };
		F9C7CE8C249A2E4A005A0E64 /* PersonModel.swift in Sources */ = {isa = PBXBuildFile; fileRef = F9C7CE8B249A2E4A005A0E64 /* PersonModel.swift */; };
		F9C7CE8E249A2EAF005A0E64 /* PersonData.swift in Sources */ = {isa = PBXBuildFile; fileRef = F9C7CE8D249A2EAF005A0E64 /* PersonData.swift */; };
		F9C7CE90249A2F04005A0E64 /* JSONDecoder.swift in Sources */ = {isa = PBXBuildFile; fileRef = F9C7CE8F249A2F04005A0E64 /* JSONDecoder.swift */; };
		F9C7CE92249A3059005A0E64 /* data.json in Resources */ = {isa = PBXBuildFile; fileRef = F9C7CE91249A3059005A0E64 /* data.json */; };
		F9C7CE94249AE39B005A0E64 /* Screen2.swift in Sources */ = {isa = PBXBuildFile; fileRef = F9C7CE93249AE39B005A0E64 /* Screen2.swift */; };
		F9C7CE96249AE578005A0E64 /* CustomTextField.swift in Sources */ = {isa = PBXBuildFile; fileRef = F9C7CE95249AE578005A0E64 /* CustomTextField.swift */; };
		F9C7CE9B249B26C3005A0E64 /* CustomButton.swift in Sources */ = {isa = PBXBuildFile; fileRef = F9C7CE9A249B26C3005A0E64 /* CustomButton.swift */; };
		F9C7CE9D249B52ED005A0E64 /* Extensions.swift in Sources */ = {isa = PBXBuildFile; fileRef = F9C7CE9C249B52ED005A0E64 /* Extensions.swift */; };
/* End PBXBuildFile section */

/* Begin PBXFileReference section */
		F9C7CE72249A2C3C005A0E64 /* Assignment App 3.app */ = {isa = PBXFileReference; explicitFileType = wrapper.application; includeInIndex = 0; path = "Assignment App 3.app"; sourceTree = BUILT_PRODUCTS_DIR; };
		F9C7CE75249A2C3C005A0E64 /* AppDelegate.swift */ = {isa = PBXFileReference; lastKnownFileType = sourcecode.swift; path = AppDelegate.swift; sourceTree = "<group>"; };
		F9C7CE77249A2C3C005A0E64 /* SceneDelegate.swift */ = {isa = PBXFileReference; lastKnownFileType = sourcecode.swift; path = SceneDelegate.swift; sourceTree = "<group>"; };
		F9C7CE79249A2C3C005A0E64 /* Screen1.swift */ = {isa = PBXFileReference; lastKnownFileType = sourcecode.swift; path = Screen1.swift; sourceTree = "<group>"; };
		F9C7CE7C249A2C3C005A0E64 /* Base */ = {isa = PBXFileReference; lastKnownFileType = file.storyboard; name = Base; path = Base.lproj/Main.storyboard; sourceTree = "<group>"; };
		F9C7CE7E249A2C3D005A0E64 /* Assets.xcassets */ = {isa = PBXFileReference; lastKnownFileType = folder.assetcatalog; path = Assets.xcassets; sourceTree = "<group>"; };
		F9C7CE81249A2C3D005A0E64 /* Base */ = {isa = PBXFileReference; lastKnownFileType = file.storyboard; name = Base; path = Base.lproj/LaunchScreen.storyboard; sourceTree = "<group>"; };
		F9C7CE83249A2C3D005A0E64 /* Info.plist */ = {isa = PBXFileReference; lastKnownFileType = text.plist.xml; path = Info.plist; sourceTree = "<group>"; };
		F9C7CE89249A2CFC005A0E64 /* TableViewCell.swift */ = {isa = PBXFileReference; fileEncoding = 4; lastKnownFileType = sourcecode.swift; path = TableViewCell.swift; sourceTree = "<group>"; };
		F9C7CE8B249A2E4A005A0E64 /* PersonModel.swift */ = {isa = PBXFileReference; lastKnownFileType = sourcecode.swift; path = PersonModel.swift; sourceTree = "<group>"; };
		F9C7CE8D249A2EAF005A0E64 /* PersonData.swift */ = {isa = PBXFileReference; lastKnownFileType = sourcecode.swift; path = PersonData.swift; sourceTree = "<group>"; };
		F9C7CE8F249A2F04005A0E64 /* JSONDecoder.swift */ = {isa = PBXFileReference; fileEncoding = 4; lastKnownFileType = sourcecode.swift; path = JSONDecoder.swift; sourceTree = "<group>"; };
		F9C7CE91249A3059005A0E64 /* data.json */ = {isa = PBXFileReference; fileEncoding = 4; lastKnownFileType = text.json; path = data.json; sourceTree = "<group>"; };
		F9C7CE93249AE39B005A0E64 /* Screen2.swift */ = {isa = PBXFileReference; lastKnownFileType = sourcecode.swift; path = Screen2.swift; sourceTree = "<group>"; };
		F9C7CE95249AE578005A0E64 /* CustomTextField.swift */ = {isa = PBXFileReference; lastKnownFileType = sourcecode.swift; path = CustomTextField.swift; sourceTree = "<group>"; };
		F9C7CE9A249B26C3005A0E64 /* CustomButton.swift */ = {isa = PBXFileReference; fileEncoding = 4; lastKnownFileType = sourcecode.swift; path = CustomButton.swift; sourceTree = "<group>"; };
		F9C7CE9C249B52ED005A0E64 /* Extensions.swift */ = {isa = PBXFileReference; lastKnownFileType = sourcecode.swift; path = Extensions.swift; sourceTree = "<group>"; };
/* End PBXFileReference section */

/* Begin PBXFrameworksBuildPhase section */
		F9C7CE6F249A2C3C005A0E64 /* Frameworks */ = {
			isa = PBXFrameworksBuildPhase;
			buildActionMask = 2147483647;
			files = (
			);
			runOnlyForDeploymentPostprocessing = 0;
		};
/* End PBXFrameworksBuildPhase section */

/* Begin PBXGroup section */
		F9C7CE69249A2C3B005A0E64 = {
			isa = PBXGroup;
			children = (
				F9C7CE74249A2C3C005A0E64 /* Assignment App 3 */,
				F9C7CE73249A2C3C005A0E64 /* Products */,
			);
			sourceTree = "<group>";
		};
		F9C7CE73249A2C3C005A0E64 /* Products */ = {
			isa = PBXGroup;
			children = (
				F9C7CE72249A2C3C005A0E64 /* Assignment App 3.app */,
			);
			name = Products;
			sourceTree = "<group>";
		};
		F9C7CE74249A2C3C005A0E64 /* Assignment App 3 */ = {
			isa = PBXGroup;
			children = (
				F9C7CE75249A2C3C005A0E64 /* AppDelegate.swift */,
				F9C7CE77249A2C3C005A0E64 /* SceneDelegate.swift */,
				F9C7CE99249B2266005A0E64 /* Model */,
				F9C7CE98249B2259005A0E64 /* Views */,
				F9C7CE97249B221B005A0E64 /* Controllers */,
				F9C7CE7E249A2C3D005A0E64 /* Assets.xcassets */,
				F9C7CE80249A2C3D005A0E64 /* LaunchScreen.storyboard */,
				F9C7CE83249A2C3D005A0E64 /* Info.plist */,
				F9C7CE91249A3059005A0E64 /* data.json */,
				F9C7CE95249AE578005A0E64 /* CustomTextField.swift */,
				F9C7CE9A249B26C3005A0E64 /* CustomButton.swift */,
				F9C7CE9C249B52ED005A0E64 /* Extensions.swift */,
			);
			path = "Assignment App 3";
			sourceTree = "<group>";
		};
		F9C7CE97249B221B005A0E64 /* Controllers */ = {
			isa = PBXGroup;
			children = (
				F9C7CE79249A2C3C005A0E64 /* Screen1.swift */,
				F9C7CE93249AE39B005A0E64 /* Screen2.swift */,
			);
			path = Controllers;
			sourceTree = "<group>";
		};
		F9C7CE98249B2259005A0E64 /* Views */ = {
			isa = PBXGroup;
			children = (
				F9C7CE7B249A2C3C005A0E64 /* Main.storyboard */,
				F9C7CE89249A2CFC005A0E64 /* TableViewCell.swift */,
			);
			path = Views;
			sourceTree = "<group>";
		};
		F9C7CE99249B2266005A0E64 /* Model */ = {
			isa = PBXGroup;
			children = (
				F9C7CE8B249A2E4A005A0E64 /* PersonModel.swift */,
				F9C7CE8D249A2EAF005A0E64 /* PersonData.swift */,
				F9C7CE8F249A2F04005A0E64 /* JSONDecoder.swift */,
			);
			path = Model;
			sourceTree = "<group>";
		};
/* End PBXGroup section */

/* Begin PBXNativeTarget section */
		F9C7CE71249A2C3C005A0E64 /* Assignment App 3 */ = {
			isa = PBXNativeTarget;
			buildConfigurationList = F9C7CE86249A2C3D005A0E64 /* Build configuration list for PBXNativeTarget "Assignment App 3" */;
			buildPhases = (
				F9C7CE6E249A2C3C005A0E64 /* Sources */,
				F9C7CE6F249A2C3C005A0E64 /* Frameworks */,
				F9C7CE70249A2C3C005A0E64 /* Resources */,
			);
			buildRules = (
			);
			dependencies = (
			);
			name = "Assignment App 3";
			productName = "Assignment App 3";
			productReference = F9C7CE72249A2C3C005A0E64 /* Assignment App 3.app */;
			productType = "com.apple.product-type.application";
		};
/* End PBXNativeTarget section */

/* Begin PBXProject section */
		F9C7CE6A249A2C3B005A0E64 /* Project object */ = {
			isa = PBXProject;
			attributes = {
				LastSwiftUpdateCheck = 1150;
				LastUpgradeCheck = 1150;
				ORGANIZATIONNAME = "Roman Kavinskyi";
				TargetAttributes = {
					F9C7CE71249A2C3C005A0E64 = {
						CreatedOnToolsVersion = 11.5;
					};
				};
			};
			buildConfigurationList = F9C7CE6D249A2C3B005A0E64 /* Build configuration list for PBXProject "Assignment App 3" */;
			compatibilityVersion = "Xcode 9.3";
			developmentRegion = en;
			hasScannedForEncodings = 0;
			knownRegions = (
				en,
				Base,
			);
			mainGroup = F9C7CE69249A2C3B005A0E64;
			productRefGroup = F9C7CE73249A2C3C005A0E64 /* Products */;
			projectDirPath = "";
			projectRoot = "";
			targets = (
				F9C7CE71249A2C3C005A0E64 /* Assignment App 3 */,
			);
		};
/* End PBXProject section */

/* Begin PBXResourcesBuildPhase section */
		F9C7CE70249A2C3C005A0E64 /* Resources */ = {
			isa = PBXResourcesBuildPhase;
			buildActionMask = 2147483647;
			files = (
				F9C7CE82249A2C3D005A0E64 /* LaunchScreen.storyboard in Resources */,
				F9C7CE7F249A2C3D005A0E64 /* Assets.xcassets in Resources */,
				F9C7CE7D249A2C3C005A0E64 /* Main.storyboard in Resources */,
				F9C7CE92249A3059005A0E64 /* data.json in Resources */,
			);
			runOnlyForDeploymentPostprocessing = 0;
		};
/* End PBXResourcesBuildPhase section */

/* Begin PBXSourcesBuildPhase section */
		F9C7CE6E249A2C3C005A0E64 /* Sources */ = {
			isa = PBXSourcesBuildPhase;
			buildActionMask = 2147483647;
			files = (
				F9C7CE8E249A2EAF005A0E64 /* PersonData.swift in Sources */,
				F9C7CE7A249A2C3C005A0E64 /* Screen1.swift in Sources */,
				F9C7CE94249AE39B005A0E64 /* Screen2.swift in Sources */,
				F9C7CE8A249A2CFC005A0E64 /* TableViewCell.swift in Sources */,
				F9C7CE9B249B26C3005A0E64 /* CustomButton.swift in Sources */,
				F9C7CE90249A2F04005A0E64 /* JSONDecoder.swift in Sources */,
				F9C7CE8C249A2E4A005A0E64 /* PersonModel.swift in Sources */,
				F9C7CE76249A2C3C005A0E64 /* AppDelegate.swift in Sources */,
				F9C7CE78249A2C3C005A0E64 /* SceneDelegate.swift in Sources */,
				F9C7CE9D249B52ED005A0E64 /* Extensions.swift in Sources */,
				F9C7CE96249AE578005A0E64 /* CustomTextField.swift in Sources */,
			);
			runOnlyForDeploymentPostprocessing = 0;
		};
/* End PBXSourcesBuildPhase section */

/* Begin PBXVariantGroup section */
		F9C7CE7B249A2C3C005A0E64 /* Main.storyboard */ = {
			isa = PBXVariantGroup;
			children = (
				F9C7CE7C249A2C3C005A0E64 /* Base */,
			);
			name = Main.storyboard;
			sourceTree = "<group>";
		};
		F9C7CE80249A2C3D005A0E64 /* LaunchScreen.storyboard */ = {
			isa = PBXVariantGroup;
			children = (
				F9C7CE81249A2C3D005A0E64 /* Base */,
			);
			name = LaunchScreen.storyboard;
			sourceTree = "<group>";
		};
/* End PBXVariantGroup section */

/* Begin XCBuildConfiguration section */
		F9C7CE84249A2C3D005A0E64 /* Debug */ = {
			isa = XCBuildConfiguration;
			buildSettings = {
				ALWAYS_SEARCH_USER_PATHS = NO;
				CLANG_ANALYZER_NONNULL = YES;
				CLANG_ANALYZER_NUMBER_OBJECT_CONVERSION = YES_AGGRESSIVE;
				CLANG_CXX_LANGUAGE_STANDARD = "gnu++14";
				CLANG_CXX_LIBRARY = "libc++";
				CLANG_ENABLE_MODULES = YES;
				CLANG_ENABLE_OBJC_ARC = YES;
				CLANG_ENABLE_OBJC_WEAK = YES;
				CLANG_WARN_BLOCK_CAPTURE_AUTORELEASING = YES;
				CLANG_WARN_BOOL_CONVERSION = YES;
				CLANG_WARN_COMMA = YES;
				CLANG_WARN_CONSTANT_CONVERSION = YES;
				CLANG_WARN_DEPRECATED_OBJC_IMPLEMENTATIONS = YES;
				CLANG_WARN_DIRECT_OBJC_ISA_USAGE = YES_ERROR;
				CLANG_WARN_DOCUMENTATION_COMMENTS = YES;
				CLANG_WARN_EMPTY_BODY = YES;
				CLANG_WARN_ENUM_CONVERSION = YES;
				CLANG_WARN_INFINITE_RECURSION = YES;
				CLANG_WARN_INT_CONVERSION = YES;
				CLANG_WARN_NON_LITERAL_NULL_CONVERSION = YES;
				CLANG_WARN_OBJC_IMPLICIT_RETAIN_SELF = YES;
				CLANG_WARN_OBJC_LITERAL_CONVERSION = YES;
				CLANG_WARN_OBJC_ROOT_CLASS = YES_ERROR;
				CLANG_WARN_RANGE_LOOP_ANALYSIS = YES;
				CLANG_WARN_STRICT_PROTOTYPES = YES;
				CLANG_WARN_SUSPICIOUS_MOVE = YES;
				CLANG_WARN_UNGUARDED_AVAILABILITY = YES_AGGRESSIVE;
				CLANG_WARN_UNREACHABLE_CODE = YES;
				CLANG_WARN__DUPLICATE_METHOD_MATCH = YES;
				COPY_PHASE_STRIP = NO;
				DEBUG_INFORMATION_FORMAT = dwarf;
				ENABLE_STRICT_OBJC_MSGSEND = YES;
				ENABLE_TESTABILITY = YES;
				GCC_C_LANGUAGE_STANDARD = gnu11;
				GCC_DYNAMIC_NO_PIC = NO;
				GCC_NO_COMMON_BLOCKS = YES;
				GCC_OPTIMIZATION_LEVEL = 0;
				GCC_PREPROCESSOR_DEFINITIONS = (
					"DEBUG=1",
					"$(inherited)",
				);
				GCC_WARN_64_TO_32_BIT_CONVERSION = YES;
				GCC_WARN_ABOUT_RETURN_TYPE = YES_ERROR;
				GCC_WARN_UNDECLARED_SELECTOR = YES;
				GCC_WARN_UNINITIALIZED_AUTOS = YES_AGGRESSIVE;
				GCC_WARN_UNUSED_FUNCTION = YES;
				GCC_WARN_UNUSED_VARIABLE = YES;
				IPHONEOS_DEPLOYMENT_TARGET = 13.5;
				MTL_ENABLE_DEBUG_INFO = INCLUDE_SOURCE;
				MTL_FAST_MATH = YES;
				ONLY_ACTIVE_ARCH = YES;
				SDKROOT = iphoneos;
				SWIFT_ACTIVE_COMPILATION_CONDITIONS = DEBUG;
				SWIFT_OPTIMIZATION_LEVEL = "-Onone";
			};
			name = Debug;
		};
		F9C7CE85249A2C3D005A0E64 /* Release */ = {
			isa = XCBuildConfiguration;
			buildSettings = {
				ALWAYS_SEARCH_USER_PATHS = NO;
				CLANG_ANALYZER_NONNULL = YES;
				CLANG_ANALYZER_NUMBER_OBJECT_CONVERSION = YES_AGGRESSIVE;
				CLANG_CXX_LANGUAGE_STANDARD = "gnu++14";
				CLANG_CXX_LIBRARY = "libc++";
				CLANG_ENABLE_MODULES = YES;
				CLANG_ENABLE_OBJC_ARC = YES;
				CLANG_ENABLE_OBJC_WEAK = YES;
				CLANG_WARN_BLOCK_CAPTURE_AUTORELEASING = YES;
				CLANG_WARN_BOOL_CONVERSION = YES;
				CLANG_WARN_COMMA = YES;
				CLANG_WARN_CONSTANT_CONVERSION = YES;
				CLANG_WARN_DEPRECATED_OBJC_IMPLEMENTATIONS = YES;
				CLANG_WARN_DIRECT_OBJC_ISA_USAGE = YES_ERROR;
				CLANG_WARN_DOCUMENTATION_COMMENTS = YES;
				CLANG_WARN_EMPTY_BODY = YES;
				CLANG_WARN_ENUM_CONVERSION = YES;
				CLANG_WARN_INFINITE_RECURSION = YES;
				CLANG_WARN_INT_CONVERSION = YES;
				CLANG_WARN_NON_LITERAL_NULL_CONVERSION = YES;
				CLANG_WARN_OBJC_IMPLICIT_RETAIN_SELF = YES;
				CLANG_WARN_OBJC_LITERAL_CONVERSION = YES;
				CLANG_WARN_OBJC_ROOT_CLASS = YES_ERROR;
				CLANG_WARN_RANGE_LOOP_ANALYSIS = YES;
				CLANG_WARN_STRICT_PROTOTYPES = YES;
				CLANG_WARN_SUSPICIOUS_MOVE = YES;
				CLANG_WARN_UNGUARDED_AVAILABILITY = YES_AGGRESSIVE;
				CLANG_WARN_UNREACHABLE_CODE = YES;
				CLANG_WARN__DUPLICATE_METHOD_MATCH = YES;
				COPY_PHASE_STRIP = NO;
				DEBUG_INFORMATION_FORMAT = "dwarf-with-dsym";
				ENABLE_NS_ASSERTIONS = NO;
				ENABLE_STRICT_OBJC_MSGSEND = YES;
				GCC_C_LANGUAGE_STANDARD = gnu11;
				GCC_NO_COMMON_BLOCKS = YES;
				GCC_WARN_64_TO_32_BIT_CONVERSION = YES;
				GCC_WARN_ABOUT_RETURN_TYPE = YES_ERROR;
				GCC_WARN_UNDECLARED_SELECTOR = YES;
				GCC_WARN_UNINITIALIZED_AUTOS = YES_AGGRESSIVE;
				GCC_WARN_UNUSED_FUNCTION = YES;
				GCC_WARN_UNUSED_VARIABLE = YES;
				IPHONEOS_DEPLOYMENT_TARGET = 13.5;
				MTL_ENABLE_DEBUG_INFO = NO;
				MTL_FAST_MATH = YES;
				SDKROOT = iphoneos;
				SWIFT_COMPILATION_MODE = wholemodule;
				SWIFT_OPTIMIZATION_LEVEL = "-O";
				VALIDATE_PRODUCT = YES;
			};
			name = Release;
		};
		F9C7CE87249A2C3D005A0E64 /* Debug */ = {
			isa = XCBuildConfiguration;
			buildSettings = {
				ASSETCATALOG_COMPILER_APPICON_NAME = AppIcon;
				CODE_SIGN_STYLE = Automatic;
				DEVELOPMENT_TEAM = 34W5S52327;
				INFOPLIST_FILE = "Assignment App 3/Info.plist";
				LD_RUNPATH_SEARCH_PATHS = (
					"$(inherited)",
					"@executable_path/Frameworks",
				);
				PRODUCT_BUNDLE_IDENTIFIER = "com.romankavinskyi.Assignment-App-3";
				PRODUCT_NAME = "$(TARGET_NAME)";
				SWIFT_VERSION = 5.0;
				TARGETED_DEVICE_FAMILY = "1,2";
			};
			name = Debug;
		};
		F9C7CE88249A2C3D005A0E64 /* Release */ = {
			isa = XCBuildConfiguration;
			buildSettings = {
				ASSETCATALOG_COMPILER_APPICON_NAME = AppIcon;
				CODE_SIGN_STYLE = Automatic;
				DEVELOPMENT_TEAM = 34W5S52327;
				INFOPLIST_FILE = "Assignment App 3/Info.plist";
				LD_RUNPATH_SEARCH_PATHS = (
					"$(inherited)",
					"@executable_path/Frameworks",
				);
				PRODUCT_BUNDLE_IDENTIFIER = "com.romankavinskyi.Assignment-App-3";
				PRODUCT_NAME = "$(TARGET_NAME)";
				SWIFT_VERSION = 5.0;
				TARGETED_DEVICE_FAMILY = "1,2";
			};
			name = Release;
		};
/* End XCBuildConfiguration section */

/* Begin XCConfigurationList section */
		F9C7CE6D249A2C3B005A0E64 /* Build configuration list for PBXProject "Assignment App 3" */ = {
			isa = XCConfigurationList;
			buildConfigurations = (
				F9C7CE84249A2C3D005A0E64 /* Debug */,
				F9C7CE85249A2C3D005A0E64 /* Release */,
			);
			defaultConfigurationIsVisible = 0;
			defaultConfigurationName = Release;
		};
		F9C7CE86249A2C3D005A0E64 /* Build configuration list for PBXNativeTarget "Assignment App 3" */ = {
			isa = XCConfigurationList;
			buildConfigurations = (
				F9C7CE87249A2C3D005A0E64 /* Debug */,
				F9C7CE88249A2C3D005A0E64 /* Release */,
			);
			defaultConfigurationIsVisible = 0;
			defaultConfigurationName = Release;
		};
/* End XCConfigurationList section */
	};
	rootObject = F9C7CE6A249A2C3B005A0E64 /* Project object */;
}
